// !$*UTF8*$!
{
	archiveVersion = 1;
	classes = {
	};
	objectVersion = 77;
	objects = {

/* Begin PBXContainerItemProxy section */
		883EAE642E623CFC00D73414 /* PBXContainerItemProxy */ = {
			isa = PBXContainerItemProxy;
			containerPortal = 883EAE4B2E623CFB00D73414 /* Project object */;
			proxyType = 1;
			remoteGlobalIDString = 883EAE522E623CFB00D73414;
			remoteInfo = instalearning;
		};
		883EAE6E2E623CFC00D73414 /* PBXContainerItemProxy */ = {
			isa = PBXContainerItemProxy;
			containerPortal = 883EAE4B2E623CFB00D73414 /* Project object */;
			proxyType = 1;
			remoteGlobalIDString = 883EAE522E623CFB00D73414;
			remoteInfo = instalearning;
		};
/* End PBXContainerItemProxy section */

/* Begin PBXFileReference section */
		883EAE532E623CFB00D73414 /* instalearning.app */ = {isa = PBXFileReference; explicitFileType = wrapper.application; includeInIndex = 0; path = instalearning.app; sourceTree = BUILT_PRODUCTS_DIR; };
		883EAE632E623CFC00D73414 /* instalearningTests.xctest */ = {isa = PBXFileReference; explicitFileType = wrapper.cfbundle; includeInIndex = 0; path = instalearningTests.xctest; sourceTree = BUILT_PRODUCTS_DIR; };
		883EAE6D2E623CFC00D73414 /* instalearningUITests.xctest */ = {isa = PBXFileReference; explicitFileType = wrapper.cfbundle; includeInIndex = 0; path = instalearningUITests.xctest; sourceTree = BUILT_PRODUCTS_DIR; };
/* End PBXFileReference section */

/* Begin PBXFileSystemSynchronizedRootGroup section */
		883EAE552E623CFB00D73414 /* instalearning */ = {
			isa = PBXFileSystemSynchronizedRootGroup;
			path = instalearning;
			sourceTree = "<group>";
		};
		883EAE662E623CFC00D73414 /* instalearningTests */ = {
			isa = PBXFileSystemSynchronizedRootGroup;
			path = instalearningTests;
			sourceTree = "<group>";
		};
		883EAE702E623CFC00D73414 /* instalearningUITests */ = {
			isa = PBXFileSystemSynchronizedRootGroup;
			path = instalearningUITests;
			sourceTree = "<group>";
		};
/* End PBXFileSystemSynchronizedRootGroup section */

/* Begin PBXFrameworksBuildPhase section */
		883EAE502E623CFB00D73414 /* Frameworks */ = {
			isa = PBXFrameworksBuildPhase;
			buildActionMask = 2147483647;
			files = (
			);
			runOnlyForDeploymentPostprocessing = 0;
		};
		883EAE602E623CFC00D73414 /* Frameworks */ = {
			isa = PBXFrameworksBuildPhase;
			buildActionMask = 2147483647;
			files = (
			);
			runOnlyForDeploymentPostprocessing = 0;
		};
		883EAE6A2E623CFC00D73414 /* Frameworks */ = {
			isa = PBXFrameworksBuildPhase;
			buildActionMask = 2147483647;
			files = (
			);
			runOnlyForDeploymentPostprocessing = 0;
		};
/* End PBXFrameworksBuildPhase section */

/* Begin PBXGroup section */
		883EAE4A2E623CFB00D73414 = {
			isa = PBXGroup;
			children = (
				883EAE552E623CFB00D73414 /* instalearning */,
				883EAE662E623CFC00D73414 /* instalearningTests */,
				883EAE702E623CFC00D73414 /* instalearningUITests */,
				883EAE542E623CFB00D73414 /* Products */,
			);
			sourceTree = "<group>";
		};
		883EAE542E623CFB00D73414 /* Products */ = {
			isa = PBXGroup;
			children = (
				883EAE532E623CFB00D73414 /* instalearning.app */,
				883EAE632E623CFC00D73414 /* instalearningTests.xctest */,
				883EAE6D2E623CFC00D73414 /* instalearningUITests.xctest */,
			);
			name = Products;
			sourceTree = "<group>";
		};
/* End PBXGroup section */

/* Begin PBXNativeTarget section */
		883EAE522E623CFB00D73414 /* instalearning */ = {
			isa = PBXNativeTarget;
			buildConfigurationList = 883EAE772E623CFC00D73414 /* Build configuration list for PBXNativeTarget "instalearning" */;
			buildPhases = (
				883EAE4F2E623CFB00D73414 /* Sources */,
				883EAE502E623CFB00D73414 /* Frameworks */,
				883EAE512E623CFB00D73414 /* Resources */,
			);
			buildRules = (
			);
			dependencies = (
			);
			fileSystemSynchronizedGroups = (
				883EAE552E623CFB00D73414 /* instalearning */,
			);
			name = instalearning;
			packageProductDependencies = (
			);
			productName = instalearning;
			productReference = 883EAE532E623CFB00D73414 /* instalearning.app */;
			productType = "com.apple.product-type.application";
		};
		883EAE622E623CFC00D73414 /* instalearningTests */ = {
			isa = PBXNativeTarget;
			buildConfigurationList = 883EAE7A2E623CFC00D73414 /* Build configuration list for PBXNativeTarget "instalearningTests" */;
			buildPhases = (
				883EAE5F2E623CFC00D73414 /* Sources */,
				883EAE602E623CFC00D73414 /* Frameworks */,
				883EAE612E623CFC00D73414 /* Resources */,
			);
			buildRules = (
			);
			dependencies = (
				883EAE652E623CFC00D73414 /* PBXTargetDependency */,
			);
			fileSystemSynchronizedGroups = (
				883EAE662E623CFC00D73414 /* instalearningTests */,
			);
			name = instalearningTests;
			packageProductDependencies = (
			);
			productName = instalearningTests;
			productReference = 883EAE632E623CFC00D73414 /* instalearningTests.xctest */;
			productType = "com.apple.product-type.bundle.unit-test";
		};
		883EAE6C2E623CFC00D73414 /* instalearningUITests */ = {
			isa = PBXNativeTarget;
			buildConfigurationList = 883EAE7D2E623CFC00D73414 /* Build configuration list for PBXNativeTarget "instalearningUITests" */;
			buildPhases = (
				883EAE692E623CFC00D73414 /* Sources */,
				883EAE6A2E623CFC00D73414 /* Frameworks */,
				883EAE6B2E623CFC00D73414 /* Resources */,
			);
			buildRules = (
			);
			dependencies = (
				883EAE6F2E623CFC00D73414 /* PBXTargetDependency */,
			);
			fileSystemSynchronizedGroups = (
				883EAE702E623CFC00D73414 /* instalearningUITests */,
			);
			name = instalearningUITests;
			packageProductDependencies = (
			);
			productName = instalearningUITests;
			productReference = 883EAE6D2E623CFC00D73414 /* instalearningUITests.xctest */;
			productType = "com.apple.product-type.bundle.ui-testing";
		};
/* End PBXNativeTarget section */

/* Begin PBXProject section */
		883EAE4B2E623CFB00D73414 /* Project object */ = {
			isa = PBXProject;
			attributes = {
				BuildIndependentTargetsInParallel = 1;
				LastSwiftUpdateCheck = 1620;
				LastUpgradeCheck = 1620;
				TargetAttributes = {
					883EAE522E623CFB00D73414 = {
						CreatedOnToolsVersion = 16.2;
					};
					883EAE622E623CFC00D73414 = {
						CreatedOnToolsVersion = 16.2;
						TestTargetID = 883EAE522E623CFB00D73414;
					};
					883EAE6C2E623CFC00D73414 = {
						CreatedOnToolsVersion = 16.2;
						TestTargetID = 883EAE522E623CFB00D73414;
					};
				};
			};
			buildConfigurationList = 883EAE4E2E623CFB00D73414 /* Build configuration list for PBXProject "instalearning" */;
			developmentRegion = en;
			hasScannedForEncodings = 0;
			knownRegions = (
				en,
				Base,
			);
			mainGroup = 883EAE4A2E623CFB00D73414;
			minimizedProjectReferenceProxies = 1;
			preferredProjectObjectVersion = 77;
			productRefGroup = 883EAE542E623CFB00D73414 /* Products */;
			projectDirPath = "";
			projectRoot = "";
			targets = (
				883EAE522E623CFB00D73414 /* instalearning */,
				883EAE622E623CFC00D73414 /* instalearningTests */,
				883EAE6C2E623CFC00D73414 /* instalearningUITests */,
			);
		};
/* End PBXProject section */

/* Begin PBXResourcesBuildPhase section */
		883EAE512E623CFB00D73414 /* Resources */ = {
			isa = PBXResourcesBuildPhase;
			buildActionMask = 2147483647;
			files = (
			);
			runOnlyForDeploymentPostprocessing = 0;
		};
		883EAE612E623CFC00D73414 /* Resources */ = {
			isa = PBXResourcesBuildPhase;
			buildActionMask = 2147483647;
			files = (
			);
			runOnlyForDeploymentPostprocessing = 0;
		};
		883EAE6B2E623CFC00D73414 /* Resources */ = {
			isa = PBXResourcesBuildPhase;
			buildActionMask = 2147483647;
			files = (
			);
			runOnlyForDeploymentPostprocessing = 0;
		};
/* End PBXResourcesBuildPhase section */

/* Begin PBXSourcesBuildPhase section */
		883EAE4F2E623CFB00D73414 /* Sources */ = {
			isa = PBXSourcesBuildPhase;
			buildActionMask = 2147483647;
			files = (
			);
			runOnlyForDeploymentPostprocessing = 0;
		};
		883EAE5F2E623CFC00D73414 /* Sources */ = {
			isa = PBXSourcesBuildPhase;
			buildActionMask = 2147483647;
			files = (
			);
			runOnlyForDeploymentPostprocessing = 0;
		};
		883EAE692E623CFC00D73414 /* Sources */ = {
			isa = PBXSourcesBuildPhase;
			buildActionMask = 2147483647;
			files = (
			);
			runOnlyForDeploymentPostprocessing = 0;
		};
/* End PBXSourcesBuildPhase section */

/* Begin PBXTargetDependency section */
		883EAE652E623CFC00D73414 /* PBXTargetDependency */ = {
			isa = PBXTargetDependency;
			target = 883EAE522E623CFB00D73414 /* instalearning */;
			targetProxy = 883EAE642E623CFC00D73414 /* PBXContainerItemProxy */;
		};
		883EAE6F2E623CFC00D73414 /* PBXTargetDependency */ = {
			isa = PBXTargetDependency;
			target = 883EAE522E623CFB00D73414 /* instalearning */;
			targetProxy = 883EAE6E2E623CFC00D73414 /* PBXContainerItemProxy */;
		};
/* End PBXTargetDependency section */

/* Begin XCBuildConfiguration section */
		883EAE752E623CFC00D73414 /* Debug */ = {
			isa = XCBuildConfiguration;
			buildSettings = {
				ALWAYS_SEARCH_USER_PATHS = NO;
				ASSETCATALOG_COMPILER_GENERATE_SWIFT_ASSET_SYMBOL_EXTENSIONS = YES;
				CLANG_ANALYZER_NONNULL = YES;
				CLANG_ANALYZER_NUMBER_OBJECT_CONVERSION = YES_AGGRESSIVE;
				CLANG_CXX_LANGUAGE_STANDARD = "gnu++20";
				CLANG_ENABLE_MODULES = YES;
				CLANG_ENABLE_OBJC_ARC = YES;
				CLANG_ENABLE_OBJC_WEAK = YES;
				CLANG_WARN_BLOCK_CAPTURE_AUTORELEASING = YES;
				CLANG_WARN_BOOL_CONVERSION = YES;
				CLANG_WARN_COMMA = YES;
				CLANG_WARN_CONSTANT_CONVERSION = YES;
				CLANG_WARN_DEPRECATED_OBJC_IMPLEMENTATIONS = YES;
				CLANG_WARN_DIRECT_OBJC_ISA_USAGE = YES_ERROR;
				CLANG_WARN_DOCUMENTATION_COMMENTS = YES;
				CLANG_WARN_EMPTY_BODY = YES;
				CLANG_WARN_ENUM_CONVERSION = YES;
				CLANG_WARN_INFINITE_RECURSION = YES;
				CLANG_WARN_INT_CONVERSION = YES;
				CLANG_WARN_NON_LITERAL_NULL_CONVERSION = YES;
				CLANG_WARN_OBJC_IMPLICIT_RETAIN_SELF = YES;
				CLANG_WARN_OBJC_LITERAL_CONVERSION = YES;
				CLANG_WARN_OBJC_ROOT_CLASS = YES_ERROR;
				CLANG_WARN_QUOTED_INCLUDE_IN_FRAMEWORK_HEADER = YES;
				CLANG_WARN_RANGE_LOOP_ANALYSIS = YES;
				CLANG_WARN_STRICT_PROTOTYPES = YES;
				CLANG_WARN_SUSPICIOUS_MOVE = YES;
				CLANG_WARN_UNGUARDED_AVAILABILITY = YES_AGGRESSIVE;
				CLANG_WARN_UNREACHABLE_CODE = YES;
				CLANG_WARN__DUPLICATE_METHOD_MATCH = YES;
				COPY_PHASE_STRIP = NO;
				DEBUG_INFORMATION_FORMAT = dwarf;
				ENABLE_STRICT_OBJC_MSGSEND = YES;
				ENABLE_TESTABILITY = YES;
				ENABLE_USER_SCRIPT_SANDBOXING = YES;
				GCC_C_LANGUAGE_STANDARD = gnu17;
				GCC_DYNAMIC_NO_PIC = NO;
				GCC_NO_COMMON_BLOCKS = YES;
				GCC_OPTIMIZATION_LEVEL = 0;
				GCC_PREPROCESSOR_DEFINITIONS = (
					"DEBUG=1",
					"$(inherited)",
				);
				GCC_WARN_64_TO_32_BIT_CONVERSION = YES;
				GCC_WARN_ABOUT_RETURN_TYPE = YES_ERROR;
				GCC_WARN_UNDECLARED_SELECTOR = YES;
				GCC_WARN_UNINITIALIZED_AUTOS = YES_AGGRESSIVE;
				GCC_WARN_UNUSED_FUNCTION = YES;
				GCC_WARN_UNUSED_VARIABLE = YES;
				IPHONEOS_DEPLOYMENT_TARGET = 18.2;
				LOCALIZATION_PREFERS_STRING_CATALOGS = YES;
				MTL_ENABLE_DEBUG_INFO = INCLUDE_SOURCE;
				MTL_FAST_MATH = YES;
				ONLY_ACTIVE_ARCH = YES;
				SDKROOT = iphoneos;
				SWIFT_ACTIVE_COMPILATION_CONDITIONS = "DEBUG $(inherited)";
				SWIFT_OPTIMIZATION_LEVEL = "-Onone";
			};
			name = Debug;
		};
		883EAE762E623CFC00D73414 /* Release */ = {
			isa = XCBuildConfiguration;
			buildSettings = {
				ALWAYS_SEARCH_USER_PATHS = NO;
				ASSETCATALOG_COMPILER_GENERATE_SWIFT_ASSET_SYMBOL_EXTENSIONS = YES;
				CLANG_ANALYZER_NONNULL = YES;
				CLANG_ANALYZER_NUMBER_OBJECT_CONVERSION = YES_AGGRESSIVE;
				CLANG_CXX_LANGUAGE_STANDARD = "gnu++20";
				CLANG_ENABLE_MODULES = YES;
				CLANG_ENABLE_OBJC_ARC = YES;
				CLANG_ENABLE_OBJC_WEAK = YES;
				CLANG_WARN_BLOCK_CAPTURE_AUTORELEASING = YES;
				CLANG_WARN_BOOL_CONVERSION = YES;
				CLANG_WARN_COMMA = YES;
				CLANG_WARN_CONSTANT_CONVERSION = YES;
				CLANG_WARN_DEPRECATED_OBJC_IMPLEMENTATIONS = YES;
				CLANG_WARN_DIRECT_OBJC_ISA_USAGE = YES_ERROR;
				CLANG_WARN_DOCUMENTATION_COMMENTS = YES;
				CLANG_WARN_EMPTY_BODY = YES;
				CLANG_WARN_ENUM_CONVERSION = YES;
				CLANG_WARN_INFINITE_RECURSION = YES;
				CLANG_WARN_INT_CONVERSION = YES;
				CLANG_WARN_NON_LITERAL_NULL_CONVERSION = YES;
				CLANG_WARN_OBJC_IMPLICIT_RETAIN_SELF = YES;
				CLANG_WARN_OBJC_LITERAL_CONVERSION = YES;
				CLANG_WARN_OBJC_ROOT_CLASS = YES_ERROR;
				CLANG_WARN_QUOTED_INCLUDE_IN_FRAMEWORK_HEADER = YES;
				CLANG_WARN_RANGE_LOOP_ANALYSIS = YES;
				CLANG_WARN_STRICT_PROTOTYPES = YES;
				CLANG_WARN_SUSPICIOUS_MOVE = YES;
				CLANG_WARN_UNGUARDED_AVAILABILITY = YES_AGGRESSIVE;
				CLANG_WARN_UNREACHABLE_CODE = YES;
				CLANG_WARN__DUPLICATE_METHOD_MATCH = YES;
				COPY_PHASE_STRIP = NO;
				DEBUG_INFORMATION_FORMAT = "dwarf-with-dsym";
				ENABLE_NS_ASSERTIONS = NO;
				ENABLE_STRICT_OBJC_MSGSEND = YES;
				ENABLE_USER_SCRIPT_SANDBOXING = YES;
				GCC_C_LANGUAGE_STANDARD = gnu17;
				GCC_NO_COMMON_BLOCKS = YES;
				GCC_WARN_64_TO_32_BIT_CONVERSION = YES;
				GCC_WARN_ABOUT_RETURN_TYPE = YES_ERROR;
				GCC_WARN_UNDECLARED_SELECTOR = YES;
				GCC_WARN_UNINITIALIZED_AUTOS = YES_AGGRESSIVE;
				GCC_WARN_UNUSED_FUNCTION = YES;
				GCC_WARN_UNUSED_VARIABLE = YES;
				IPHONEOS_DEPLOYMENT_TARGET = 18.2;
				LOCALIZATION_PREFERS_STRING_CATALOGS = YES;
				MTL_ENABLE_DEBUG_INFO = NO;
				MTL_FAST_MATH = YES;
				SDKROOT = iphoneos;
				SWIFT_COMPILATION_MODE = wholemodule;
				VALIDATE_PRODUCT = YES;
			};
			name = Release;
		};
		883EAE782E623CFC00D73414 /* Debug */ = {
			isa = XCBuildConfiguration;
			buildSettings = {
				ASSETCATALOG_COMPILER_APPICON_NAME = AppIcon;
				ASSETCATALOG_COMPILER_GLOBAL_ACCENT_COLOR_NAME = AccentColor;
				CODE_SIGN_STYLE = Automatic;
				CURRENT_PROJECT_VERSION = 1;
				DEVELOPMENT_ASSET_PATHS = "\"instalearning/Preview Content\"";
				ENABLE_PREVIEWS = YES;
				GENERATE_INFOPLIST_FILE = YES;
				INFOPLIST_KEY_UIApplicationSceneManifest_Generation = YES;
				INFOPLIST_KEY_UIApplicationSupportsIndirectInputEvents = YES;
				INFOPLIST_KEY_UILaunchScreen_Generation = YES;
				INFOPLIST_KEY_UISupportedInterfaceOrientations_iPad = "UIInterfaceOrientationPortrait UIInterfaceOrientationPortraitUpsideDown UIInterfaceOrientationLandscapeLeft UIInterfaceOrientationLandscapeRight";
				INFOPLIST_KEY_UISupportedInterfaceOrientations_iPhone = "UIInterfaceOrientationPortrait UIInterfaceOrientationLandscapeLeft UIInterfaceOrientationLandscapeRight";
				LD_RUNPATH_SEARCH_PATHS = (
					"$(inherited)",
					"@executable_path/Frameworks",
				);
				MARKETING_VERSION = 1.0;
				PRODUCT_BUNDLE_IDENTIFIER = rodrigo.torres.instalearning;
				PRODUCT_NAME = "$(TARGET_NAME)";
				SWIFT_EMIT_LOC_STRINGS = YES;
				SWIFT_VERSION = 5.0;
				TARGETED_DEVICE_FAMILY = "1,2";
			};
			name = Debug;
		};
		883EAE792E623CFC00D73414 /* Release */ = {
			isa = XCBuildConfiguration;
			buildSettings = {
				ASSETCATALOG_COMPILER_APPICON_NAME = AppIcon;
				ASSETCATALOG_COMPILER_GLOBAL_ACCENT_COLOR_NAME = AccentColor;
				CODE_SIGN_STYLE = Automatic;
				CURRENT_PROJECT_VERSION = 1;
				DEVELOPMENT_ASSET_PATHS = "\"instalearning/Preview Content\"";
				ENABLE_PREVIEWS = YES;
				GENERATE_INFOPLIST_FILE = YES;
				INFOPLIST_KEY_UIApplicationSceneManifest_Generation = YES;
				INFOPLIST_KEY_UIApplicationSupportsIndirectInputEvents = YES;
				INFOPLIST_KEY_UILaunchScreen_Generation = YES;
				INFOPLIST_KEY_UISupportedInterfaceOrientations_iPad = "UIInterfaceOrientationPortrait UIInterfaceOrientationPortraitUpsideDown UIInterfaceOrientationLandscapeLeft UIInterfaceOrientationLandscapeRight";
				INFOPLIST_KEY_UISupportedInterfaceOrientations_iPhone = "UIInterfaceOrientationPortrait UIInterfaceOrientationLandscapeLeft UIInterfaceOrientationLandscapeRight";
				LD_RUNPATH_SEARCH_PATHS = (
					"$(inherited)",
					"@executable_path/Frameworks",
				);
				MARKETING_VERSION = 1.0;
				PRODUCT_BUNDLE_IDENTIFIER = rodrigo.torres.instalearning;
				PRODUCT_NAME = "$(TARGET_NAME)";
				SWIFT_EMIT_LOC_STRINGS = YES;
				SWIFT_VERSION = 5.0;
				TARGETED_DEVICE_FAMILY = "1,2";
			};
			name = Release;
		};
		883EAE7B2E623CFC00D73414 /* Debug */ = {
			isa = XCBuildConfiguration;
			buildSettings = {
				BUNDLE_LOADER = "$(TEST_HOST)";
				CODE_SIGN_STYLE = Automatic;
				CURRENT_PROJECT_VERSION = 1;
				GENERATE_INFOPLIST_FILE = YES;
				IPHONEOS_DEPLOYMENT_TARGET = 18.2;
				MARKETING_VERSION = 1.0;
				PRODUCT_BUNDLE_IDENTIFIER = rodrigo.torres.instalearningTests;
				PRODUCT_NAME = "$(TARGET_NAME)";
				SWIFT_EMIT_LOC_STRINGS = NO;
				SWIFT_VERSION = 5.0;
				TARGETED_DEVICE_FAMILY = "1,2";
				TEST_HOST = "$(BUILT_PRODUCTS_DIR)/instalearning.app/$(BUNDLE_EXECUTABLE_FOLDER_PATH)/instalearning";
			};
			name = Debug;
		};
		883EAE7C2E623CFC00D73414 /* Release */ = {
			isa = XCBuildConfiguration;
			buildSettings = {
				BUNDLE_LOADER = "$(TEST_HOST)";
				CODE_SIGN_STYLE = Automatic;
				CURRENT_PROJECT_VERSION = 1;
				GENERATE_INFOPLIST_FILE = YES;
				IPHONEOS_DEPLOYMENT_TARGET = 18.2;
				MARKETING_VERSION = 1.0;
				PRODUCT_BUNDLE_IDENTIFIER = rodrigo.torres.instalearningTests;
				PRODUCT_NAME = "$(TARGET_NAME)";
				SWIFT_EMIT_LOC_STRINGS = NO;
				SWIFT_VERSION = 5.0;
				TARGETED_DEVICE_FAMILY = "1,2";
				TEST_HOST = "$(BUILT_PRODUCTS_DIR)/instalearning.app/$(BUNDLE_EXECUTABLE_FOLDER_PATH)/instalearning";
			};
			name = Release;
		};
		883EAE7E2E623CFC00D73414 /* Debug */ = {
			isa = XCBuildConfiguration;
			buildSettings = {
				CODE_SIGN_STYLE = Automatic;
				CURRENT_PROJECT_VERSION = 1;
				GENERATE_INFOPLIST_FILE = YES;
				MARKETING_VERSION = 1.0;
				PRODUCT_BUNDLE_IDENTIFIER = rodrigo.torres.instalearningUITests;
				PRODUCT_NAME = "$(TARGET_NAME)";
				SWIFT_EMIT_LOC_STRINGS = NO;
				SWIFT_VERSION = 5.0;
				TARGETED_DEVICE_FAMILY = "1,2";
				TEST_TARGET_NAME = instalearning;
			};
			name = Debug;
		};
		883EAE7F2E623CFC00D73414 /* Release */ = {
			isa = XCBuildConfiguration;
			buildSettings = {
				CODE_SIGN_STYLE = Automatic;
				CURRENT_PROJECT_VERSION = 1;
				GENERATE_INFOPLIST_FILE = YES;
				MARKETING_VERSION = 1.0;
				PRODUCT_BUNDLE_IDENTIFIER = rodrigo.torres.instalearningUITests;
				PRODUCT_NAME = "$(TARGET_NAME)";
				SWIFT_EMIT_LOC_STRINGS = NO;
				SWIFT_VERSION = 5.0;
				TARGETED_DEVICE_FAMILY = "1,2";
				TEST_TARGET_NAME = instalearning;
			};
			name = Release;
		};
/* End XCBuildConfiguration section */

/* Begin XCConfigurationList section */
		883EAE4E2E623CFB00D73414 /* Build configuration list for PBXProject "instalearning" */ = {
			isa = XCConfigurationList;
			buildConfigurations = (
				883EAE752E623CFC00D73414 /* Debug */,
				883EAE762E623CFC00D73414 /* Release */,
			);
			defaultConfigurationIsVisible = 0;
			defaultConfigurationName = Release;
		};
		883EAE772E623CFC00D73414 /* Build configuration list for PBXNativeTarget "instalearning" */ = {
			isa = XCConfigurationList;
			buildConfigurations = (
				883EAE782E623CFC00D73414 /* Debug */,
				883EAE792E623CFC00D73414 /* Release */,
			);
			defaultConfigurationIsVisible = 0;
			defaultConfigurationName = Release;
		};
		883EAE7A2E623CFC00D73414 /* Build configuration list for PBXNativeTarget "instalearningTests" */ = {
			isa = XCConfigurationList;
			buildConfigurations = (
				883EAE7B2E623CFC00D73414 /* Debug */,
				883EAE7C2E623CFC00D73414 /* Release */,
			);
			defaultConfigurationIsVisible = 0;
			defaultConfigurationName = Release;
		};
		883EAE7D2E623CFC00D73414 /* Build configuration list for PBXNativeTarget "instalearningUITests" */ = {
			isa = XCConfigurationList;
			buildConfigurations = (
				883EAE7E2E623CFC00D73414 /* Debug */,
				883EAE7F2E623CFC00D73414 /* Release */,
			);
			defaultConfigurationIsVisible = 0;
			defaultConfigurationName = Release;
		};
/* End XCConfigurationList section */
	};
	rootObject = 883EAE4B2E623CFB00D73414 /* Project object */;
}
